// !$*UTF8*$!
{
	archiveVersion = 1;
	classes = {
	};
	objectVersion = 50;
	objects = {

/* Begin PBXBuildFile section */
		0ABC075523D1E01100848989 /* AppDelegate.swift in Sources */ = {isa = PBXBuildFile; fileRef = 0ABC075423D1E01100848989 /* AppDelegate.swift */; };
		0ABC075723D1E01100848989 /* SceneDelegate.swift in Sources */ = {isa = PBXBuildFile; fileRef = 0ABC075623D1E01100848989 /* SceneDelegate.swift */; };
		0ABC075923D1E01100848989 /* ViewController.swift in Sources */ = {isa = PBXBuildFile; fileRef = 0ABC075823D1E01100848989 /* ViewController.swift */; };
		0ABC075C23D1E01100848989 /* Main.storyboard in Resources */ = {isa = PBXBuildFile; fileRef = 0ABC075A23D1E01100848989 /* Main.storyboard */; };
		0ABC075E23D1E01500848989 /* Assets.xcassets in Resources */ = {isa = PBXBuildFile; fileRef = 0ABC075D23D1E01500848989 /* Assets.xcassets */; };
		0ABC076123D1E01500848989 /* LaunchScreen.storyboard in Resources */ = {isa = PBXBuildFile; fileRef = 0ABC075F23D1E01500848989 /* LaunchScreen.storyboard */; };
		0ABC076C23D1E01600848989 /* nailartmalinappTests.swift in Sources */ = {isa = PBXBuildFile; fileRef = 0ABC076B23D1E01600848989 /* nailartmalinappTests.swift */; };
		0ABC077723D1E01600848989 /* nailartmalinappUITests.swift in Sources */ = {isa = PBXBuildFile; fileRef = 0ABC077623D1E01600848989 /* nailartmalinappUITests.swift */; };
/* End PBXBuildFile section */

/* Begin PBXContainerItemProxy section */
		0ABC076823D1E01600848989 /* PBXContainerItemProxy */ = {
			isa = PBXContainerItemProxy;
			containerPortal = 0ABC074923D1E01100848989 /* Project object */;
			proxyType = 1;
			remoteGlobalIDString = 0ABC075023D1E01100848989;
			remoteInfo = nailartmalinapp;
		};
		0ABC077323D1E01600848989 /* PBXContainerItemProxy */ = {
			isa = PBXContainerItemProxy;
			containerPortal = 0ABC074923D1E01100848989 /* Project object */;
			proxyType = 1;
			remoteGlobalIDString = 0ABC075023D1E01100848989;
			remoteInfo = nailartmalinapp;
		};
/* End PBXContainerItemProxy section */

/* Begin PBXFileReference section */
		0ABC075123D1E01100848989 /* nailartmalinapp.app */ = {isa = PBXFileReference; explicitFileType = wrapper.application; includeInIndex = 0; path = nailartmalinapp.app; sourceTree = BUILT_PRODUCTS_DIR; };
		0ABC075423D1E01100848989 /* AppDelegate.swift */ = {isa = PBXFileReference; lastKnownFileType = sourcecode.swift; path = AppDelegate.swift; sourceTree = "<group>"; };
		0ABC075623D1E01100848989 /* SceneDelegate.swift */ = {isa = PBXFileReference; lastKnownFileType = sourcecode.swift; path = SceneDelegate.swift; sourceTree = "<group>"; };
		0ABC075823D1E01100848989 /* ViewController.swift */ = {isa = PBXFileReference; lastKnownFileType = sourcecode.swift; path = ViewController.swift; sourceTree = "<group>"; };
		0ABC075B23D1E01100848989 /* Base */ = {isa = PBXFileReference; lastKnownFileType = file.storyboard; name = Base; path = Base.lproj/Main.storyboard; sourceTree = "<group>"; };
		0ABC075D23D1E01500848989 /* Assets.xcassets */ = {isa = PBXFileReference; lastKnownFileType = folder.assetcatalog; path = Assets.xcassets; sourceTree = "<group>"; };
		0ABC076023D1E01500848989 /* Base */ = {isa = PBXFileReference; lastKnownFileType = file.storyboard; name = Base; path = Base.lproj/LaunchScreen.storyboard; sourceTree = "<group>"; };
		0ABC076223D1E01500848989 /* Info.plist */ = {isa = PBXFileReference; lastKnownFileType = text.plist.xml; path = Info.plist; sourceTree = "<group>"; };
		0ABC076723D1E01600848989 /* nailartmalinappTests.xctest */ = {isa = PBXFileReference; explicitFileType = wrapper.cfbundle; includeInIndex = 0; path = nailartmalinappTests.xctest; sourceTree = BUILT_PRODUCTS_DIR; };
		0ABC076B23D1E01600848989 /* nailartmalinappTests.swift */ = {isa = PBXFileReference; lastKnownFileType = sourcecode.swift; path = nailartmalinappTests.swift; sourceTree = "<group>"; };
		0ABC076D23D1E01600848989 /* Info.plist */ = {isa = PBXFileReference; lastKnownFileType = text.plist.xml; path = Info.plist; sourceTree = "<group>"; };
		0ABC077223D1E01600848989 /* nailartmalinappUITests.xctest */ = {isa = PBXFileReference; explicitFileType = wrapper.cfbundle; includeInIndex = 0; path = nailartmalinappUITests.xctest; sourceTree = BUILT_PRODUCTS_DIR; };
		0ABC077623D1E01600848989 /* nailartmalinappUITests.swift */ = {isa = PBXFileReference; lastKnownFileType = sourcecode.swift; path = nailartmalinappUITests.swift; sourceTree = "<group>"; };
		0ABC077823D1E01600848989 /* Info.plist */ = {isa = PBXFileReference; lastKnownFileType = text.plist.xml; path = Info.plist; sourceTree = "<group>"; };
/* End PBXFileReference section */

/* Begin PBXFrameworksBuildPhase section */
		0ABC074E23D1E01100848989 /* Frameworks */ = {
			isa = PBXFrameworksBuildPhase;
			buildActionMask = 2147483647;
			files = (
			);
			runOnlyForDeploymentPostprocessing = 0;
		};
		0ABC076423D1E01600848989 /* Frameworks */ = {
			isa = PBXFrameworksBuildPhase;
			buildActionMask = 2147483647;
			files = (
			);
			runOnlyForDeploymentPostprocessing = 0;
		};
		0ABC076F23D1E01600848989 /* Frameworks */ = {
			isa = PBXFrameworksBuildPhase;
			buildActionMask = 2147483647;
			files = (
			);
			runOnlyForDeploymentPostprocessing = 0;
		};
/* End PBXFrameworksBuildPhase section */

/* Begin PBXGroup section */
		0ABC074823D1E01100848989 = {
			isa = PBXGroup;
			children = (
				0ABC075323D1E01100848989 /* nailartmalinapp */,
				0ABC076A23D1E01600848989 /* nailartmalinappTests */,
				0ABC077523D1E01600848989 /* nailartmalinappUITests */,
				0ABC075223D1E01100848989 /* Products */,
			);
			sourceTree = "<group>";
		};
		0ABC075223D1E01100848989 /* Products */ = {
			isa = PBXGroup;
			children = (
				0ABC075123D1E01100848989 /* nailartmalinapp.app */,
				0ABC076723D1E01600848989 /* nailartmalinappTests.xctest */,
				0ABC077223D1E01600848989 /* nailartmalinappUITests.xctest */,
			);
			name = Products;
			sourceTree = "<group>";
		};
		0ABC075323D1E01100848989 /* nailartmalinapp */ = {
			isa = PBXGroup;
			children = (
				0ABC075423D1E01100848989 /* AppDelegate.swift */,
				0ABC075623D1E01100848989 /* SceneDelegate.swift */,
				0ABC075823D1E01100848989 /* ViewController.swift */,
				0ABC075A23D1E01100848989 /* Main.storyboard */,
				0ABC075D23D1E01500848989 /* Assets.xcassets */,
				0ABC075F23D1E01500848989 /* LaunchScreen.storyboard */,
				0ABC076223D1E01500848989 /* Info.plist */,
			);
			path = nailartmalinapp;
			sourceTree = "<group>";
		};
		0ABC076A23D1E01600848989 /* nailartmalinappTests */ = {
			isa = PBXGroup;
			children = (
				0ABC076B23D1E01600848989 /* nailartmalinappTests.swift */,
				0ABC076D23D1E01600848989 /* Info.plist */,
			);
			path = nailartmalinappTests;
			sourceTree = "<group>";
		};
		0ABC077523D1E01600848989 /* nailartmalinappUITests */ = {
			isa = PBXGroup;
			children = (
				0ABC077623D1E01600848989 /* nailartmalinappUITests.swift */,
				0ABC077823D1E01600848989 /* Info.plist */,
			);
			path = nailartmalinappUITests;
			sourceTree = "<group>";
		};
/* End PBXGroup section */

/* Begin PBXNativeTarget section */
		0ABC075023D1E01100848989 /* nailartmalinapp */ = {
			isa = PBXNativeTarget;
			buildConfigurationList = 0ABC077B23D1E01600848989 /* Build configuration list for PBXNativeTarget "nailartmalinapp" */;
			buildPhases = (
				0ABC074D23D1E01100848989 /* Sources */,
				0ABC074E23D1E01100848989 /* Frameworks */,
				0ABC074F23D1E01100848989 /* Resources */,
			);
			buildRules = (
			);
			dependencies = (
			);
			name = nailartmalinapp;
			productName = nailartmalinapp;
			productReference = 0ABC075123D1E01100848989 /* nailartmalinapp.app */;
			productType = "com.apple.product-type.application";
		};
		0ABC076623D1E01600848989 /* nailartmalinappTests */ = {
			isa = PBXNativeTarget;
			buildConfigurationList = 0ABC077E23D1E01600848989 /* Build configuration list for PBXNativeTarget "nailartmalinappTests" */;
			buildPhases = (
				0ABC076323D1E01600848989 /* Sources */,
				0ABC076423D1E01600848989 /* Frameworks */,
				0ABC076523D1E01600848989 /* Resources */,
			);
			buildRules = (
			);
			dependencies = (
				0ABC076923D1E01600848989 /* PBXTargetDependency */,
			);
			name = nailartmalinappTests;
			productName = nailartmalinappTests;
			productReference = 0ABC076723D1E01600848989 /* nailartmalinappTests.xctest */;
			productType = "com.apple.product-type.bundle.unit-test";
		};
		0ABC077123D1E01600848989 /* nailartmalinappUITests */ = {
			isa = PBXNativeTarget;
			buildConfigurationList = 0ABC078123D1E01600848989 /* Build configuration list for PBXNativeTarget "nailartmalinappUITests" */;
			buildPhases = (
				0ABC076E23D1E01600848989 /* Sources */,
				0ABC076F23D1E01600848989 /* Frameworks */,
				0ABC077023D1E01600848989 /* Resources */,
			);
			buildRules = (
			);
			dependencies = (
				0ABC077423D1E01600848989 /* PBXTargetDependency */,
			);
			name = nailartmalinappUITests;
			productName = nailartmalinappUITests;
			productReference = 0ABC077223D1E01600848989 /* nailartmalinappUITests.xctest */;
			productType = "com.apple.product-type.bundle.ui-testing";
		};
/* End PBXNativeTarget section */

/* Begin PBXProject section */
		0ABC074923D1E01100848989 /* Project object */ = {
			isa = PBXProject;
			attributes = {
				LastSwiftUpdateCheck = 1130;
				LastUpgradeCheck = 1130;
				ORGANIZATIONNAME = "Malin Schoening";
				TargetAttributes = {
					0ABC075023D1E01100848989 = {
						CreatedOnToolsVersion = 11.3;
					};
					0ABC076623D1E01600848989 = {
						CreatedOnToolsVersion = 11.3;
						TestTargetID = 0ABC075023D1E01100848989;
					};
					0ABC077123D1E01600848989 = {
						CreatedOnToolsVersion = 11.3;
						TestTargetID = 0ABC075023D1E01100848989;
					};
				};
			};
			buildConfigurationList = 0ABC074C23D1E01100848989 /* Build configuration list for PBXProject "nailartmalinapp" */;
			compatibilityVersion = "Xcode 9.3";
			developmentRegion = en;
			hasScannedForEncodings = 0;
			knownRegions = (
				en,
				Base,
			);
			mainGroup = 0ABC074823D1E01100848989;
			productRefGroup = 0ABC075223D1E01100848989 /* Products */;
			projectDirPath = "";
			projectRoot = "";
			targets = (
				0ABC075023D1E01100848989 /* nailartmalinapp */,
				0ABC076623D1E01600848989 /* nailartmalinappTests */,
				0ABC077123D1E01600848989 /* nailartmalinappUITests */,
			);
		};
/* End PBXProject section */

/* Begin PBXResourcesBuildPhase section */
		0ABC074F23D1E01100848989 /* Resources */ = {
			isa = PBXResourcesBuildPhase;
			buildActionMask = 2147483647;
			files = (
				0ABC076123D1E01500848989 /* LaunchScreen.storyboard in Resources */,
				0ABC075E23D1E01500848989 /* Assets.xcassets in Resources */,
				0ABC075C23D1E01100848989 /* Main.storyboard in Resources */,
			);
			runOnlyForDeploymentPostprocessing = 0;
		};
		0ABC076523D1E01600848989 /* Resources */ = {
			isa = PBXResourcesBuildPhase;
			buildActionMask = 2147483647;
			files = (
			);
			runOnlyForDeploymentPostprocessing = 0;
		};
		0ABC077023D1E01600848989 /* Resources */ = {
			isa = PBXResourcesBuildPhase;
			buildActionMask = 2147483647;
			files = (
			);
			runOnlyForDeploymentPostprocessing = 0;
		};
/* End PBXResourcesBuildPhase section */

/* Begin PBXSourcesBuildPhase section */
		0ABC074D23D1E01100848989 /* Sources */ = {
			isa = PBXSourcesBuildPhase;
			buildActionMask = 2147483647;
			files = (
				0ABC075923D1E01100848989 /* ViewController.swift in Sources */,
				0ABC075523D1E01100848989 /* AppDelegate.swift in Sources */,
				0ABC075723D1E01100848989 /* SceneDelegate.swift in Sources */,
			);
			runOnlyForDeploymentPostprocessing = 0;
		};
		0ABC076323D1E01600848989 /* Sources */ = {
			isa = PBXSourcesBuildPhase;
			buildActionMask = 2147483647;
			files = (
				0ABC076C23D1E01600848989 /* nailartmalinappTests.swift in Sources */,
			);
			runOnlyForDeploymentPostprocessing = 0;
		};
		0ABC076E23D1E01600848989 /* Sources */ = {
			isa = PBXSourcesBuildPhase;
			buildActionMask = 2147483647;
			files = (
				0ABC077723D1E01600848989 /* nailartmalinappUITests.swift in Sources */,
			);
			runOnlyForDeploymentPostprocessing = 0;
		};
/* End PBXSourcesBuildPhase section */

/* Begin PBXTargetDependency section */
		0ABC076923D1E01600848989 /* PBXTargetDependency */ = {
			isa = PBXTargetDependency;
			target = 0ABC075023D1E01100848989 /* nailartmalinapp */;
			targetProxy = 0ABC076823D1E01600848989 /* PBXContainerItemProxy */;
		};
		0ABC077423D1E01600848989 /* PBXTargetDependency */ = {
			isa = PBXTargetDependency;
			target = 0ABC075023D1E01100848989 /* nailartmalinapp */;
			targetProxy = 0ABC077323D1E01600848989 /* PBXContainerItemProxy */;
		};
/* End PBXTargetDependency section */

/* Begin PBXVariantGroup section */
		0ABC075A23D1E01100848989 /* Main.storyboard */ = {
			isa = PBXVariantGroup;
			children = (
				0ABC075B23D1E01100848989 /* Base */,
			);
			name = Main.storyboard;
			sourceTree = "<group>";
		};
		0ABC075F23D1E01500848989 /* LaunchScreen.storyboard */ = {
			isa = PBXVariantGroup;
			children = (
				0ABC076023D1E01500848989 /* Base */,
			);
			name = LaunchScreen.storyboard;
			sourceTree = "<group>";
		};
/* End PBXVariantGroup section */

/* Begin XCBuildConfiguration section */
		0ABC077923D1E01600848989 /* Debug */ = {
			isa = XCBuildConfiguration;
			buildSettings = {
				ALWAYS_SEARCH_USER_PATHS = NO;
				CLANG_ANALYZER_NONNULL = YES;
				CLANG_ANALYZER_NUMBER_OBJECT_CONVERSION = YES_AGGRESSIVE;
				CLANG_CXX_LANGUAGE_STANDARD = "gnu++14";
				CLANG_CXX_LIBRARY = "libc++";
				CLANG_ENABLE_MODULES = YES;
				CLANG_ENABLE_OBJC_ARC = YES;
				CLANG_ENABLE_OBJC_WEAK = YES;
				CLANG_WARN_BLOCK_CAPTURE_AUTORELEASING = YES;
				CLANG_WARN_BOOL_CONVERSION = YES;
				CLANG_WARN_COMMA = YES;
				CLANG_WARN_CONSTANT_CONVERSION = YES;
				CLANG_WARN_DEPRECATED_OBJC_IMPLEMENTATIONS = YES;
				CLANG_WARN_DIRECT_OBJC_ISA_USAGE = YES_ERROR;
				CLANG_WARN_DOCUMENTATION_COMMENTS = YES;
				CLANG_WARN_EMPTY_BODY = YES;
				CLANG_WARN_ENUM_CONVERSION = YES;
				CLANG_WARN_INFINITE_RECURSION = YES;
				CLANG_WARN_INT_CONVERSION = YES;
				CLANG_WARN_NON_LITERAL_NULL_CONVERSION = YES;
				CLANG_WARN_OBJC_IMPLICIT_RETAIN_SELF = YES;
				CLANG_WARN_OBJC_LITERAL_CONVERSION = YES;
				CLANG_WARN_OBJC_ROOT_CLASS = YES_ERROR;
				CLANG_WARN_RANGE_LOOP_ANALYSIS = YES;
				CLANG_WARN_STRICT_PROTOTYPES = YES;
				CLANG_WARN_SUSPICIOUS_MOVE = YES;
				CLANG_WARN_UNGUARDED_AVAILABILITY = YES_AGGRESSIVE;
				CLANG_WARN_UNREACHABLE_CODE = YES;
				CLANG_WARN__DUPLICATE_METHOD_MATCH = YES;
				COPY_PHASE_STRIP = NO;
				DEBUG_INFORMATION_FORMAT = dwarf;
				ENABLE_STRICT_OBJC_MSGSEND = YES;
				ENABLE_TESTABILITY = YES;
				GCC_C_LANGUAGE_STANDARD = gnu11;
				GCC_DYNAMIC_NO_PIC = NO;
				GCC_NO_COMMON_BLOCKS = YES;
				GCC_OPTIMIZATION_LEVEL = 0;
				GCC_PREPROCESSOR_DEFINITIONS = (
					"DEBUG=1",
					"$(inherited)",
				);
				GCC_WARN_64_TO_32_BIT_CONVERSION = YES;
				GCC_WARN_ABOUT_RETURN_TYPE = YES_ERROR;
				GCC_WARN_UNDECLARED_SELECTOR = YES;
				GCC_WARN_UNINITIALIZED_AUTOS = YES_AGGRESSIVE;
				GCC_WARN_UNUSED_FUNCTION = YES;
				GCC_WARN_UNUSED_VARIABLE = YES;
				IPHONEOS_DEPLOYMENT_TARGET = 13.2;
				MTL_ENABLE_DEBUG_INFO = INCLUDE_SOURCE;
				MTL_FAST_MATH = YES;
				ONLY_ACTIVE_ARCH = YES;
				SDKROOT = iphoneos;
				SWIFT_ACTIVE_COMPILATION_CONDITIONS = DEBUG;
				SWIFT_OPTIMIZATION_LEVEL = "-Onone";
			};
			name = Debug;
		};
		0ABC077A23D1E01600848989 /* Release */ = {
			isa = XCBuildConfiguration;
			buildSettings = {
				ALWAYS_SEARCH_USER_PATHS = NO;
				CLANG_ANALYZER_NONNULL = YES;
				CLANG_ANALYZER_NUMBER_OBJECT_CONVERSION = YES_AGGRESSIVE;
				CLANG_CXX_LANGUAGE_STANDARD = "gnu++14";
				CLANG_CXX_LIBRARY = "libc++";
				CLANG_ENABLE_MODULES = YES;
				CLANG_ENABLE_OBJC_ARC = YES;
				CLANG_ENABLE_OBJC_WEAK = YES;
				CLANG_WARN_BLOCK_CAPTURE_AUTORELEASING = YES;
				CLANG_WARN_BOOL_CONVERSION = YES;
				CLANG_WARN_COMMA = YES;
				CLANG_WARN_CONSTANT_CONVERSION = YES;
				CLANG_WARN_DEPRECATED_OBJC_IMPLEMENTATIONS = YES;
				CLANG_WARN_DIRECT_OBJC_ISA_USAGE = YES_ERROR;
				CLANG_WARN_DOCUMENTATION_COMMENTS = YES;
				CLANG_WARN_EMPTY_BODY = YES;
				CLANG_WARN_ENUM_CONVERSION = YES;
				CLANG_WARN_INFINITE_RECURSION = YES;
				CLANG_WARN_INT_CONVERSION = YES;
				CLANG_WARN_NON_LITERAL_NULL_CONVERSION = YES;
				CLANG_WARN_OBJC_IMPLICIT_RETAIN_SELF = YES;
				CLANG_WARN_OBJC_LITERAL_CONVERSION = YES;
				CLANG_WARN_OBJC_ROOT_CLASS = YES_ERROR;
				CLANG_WARN_RANGE_LOOP_ANALYSIS = YES;
				CLANG_WARN_STRICT_PROTOTYPES = YES;
				CLANG_WARN_SUSPICIOUS_MOVE = YES;
				CLANG_WARN_UNGUARDED_AVAILABILITY = YES_AGGRESSIVE;
				CLANG_WARN_UNREACHABLE_CODE = YES;
				CLANG_WARN__DUPLICATE_METHOD_MATCH = YES;
				COPY_PHASE_STRIP = NO;
				DEBUG_INFORMATION_FORMAT = "dwarf-with-dsym";
				ENABLE_NS_ASSERTIONS = NO;
				ENABLE_STRICT_OBJC_MSGSEND = YES;
				GCC_C_LANGUAGE_STANDARD = gnu11;
				GCC_NO_COMMON_BLOCKS = YES;
				GCC_WARN_64_TO_32_BIT_CONVERSION = YES;
				GCC_WARN_ABOUT_RETURN_TYPE = YES_ERROR;
				GCC_WARN_UNDECLARED_SELECTOR = YES;
				GCC_WARN_UNINITIALIZED_AUTOS = YES_AGGRESSIVE;
				GCC_WARN_UNUSED_FUNCTION = YES;
				GCC_WARN_UNUSED_VARIABLE = YES;
				IPHONEOS_DEPLOYMENT_TARGET = 13.2;
				MTL_ENABLE_DEBUG_INFO = NO;
				MTL_FAST_MATH = YES;
				SDKROOT = iphoneos;
				SWIFT_COMPILATION_MODE = wholemodule;
				SWIFT_OPTIMIZATION_LEVEL = "-O";
				VALIDATE_PRODUCT = YES;
			};
			name = Release;
		};
		0ABC077C23D1E01600848989 /* Debug */ = {
			isa = XCBuildConfiguration;
			buildSettings = {
				ASSETCATALOG_COMPILER_APPICON_NAME = AppIcon;
				CODE_SIGN_STYLE = Automatic;
				INFOPLIST_FILE = nailartmalinapp/Info.plist;
				LD_RUNPATH_SEARCH_PATHS = (
					"$(inherited)",
					"@executable_path/Frameworks",
				);
				PRODUCT_BUNDLE_IDENTIFIER = com.example.nailartmalinapp;
				PRODUCT_NAME = "$(TARGET_NAME)";
				SWIFT_VERSION = 5.0;
				TARGETED_DEVICE_FAMILY = "1,2";
			};
			name = Debug;
		};
		0ABC077D23D1E01600848989 /* Release */ = {
			isa = XCBuildConfiguration;
			buildSettings = {
				ASSETCATALOG_COMPILER_APPICON_NAME = AppIcon;
				CODE_SIGN_STYLE = Automatic;
				INFOPLIST_FILE = nailartmalinapp/Info.plist;
				LD_RUNPATH_SEARCH_PATHS = (
					"$(inherited)",
					"@executable_path/Frameworks",
				);
				PRODUCT_BUNDLE_IDENTIFIER = com.example.nailartmalinapp;
				PRODUCT_NAME = "$(TARGET_NAME)";
				SWIFT_VERSION = 5.0;
				TARGETED_DEVICE_FAMILY = "1,2";
			};
			name = Release;
		};
		0ABC077F23D1E01600848989 /* Debug */ = {
			isa = XCBuildConfiguration;
			buildSettings = {
				ALWAYS_EMBED_SWIFT_STANDARD_LIBRARIES = YES;
				BUNDLE_LOADER = "$(TEST_HOST)";
				CODE_SIGN_STYLE = Automatic;
				INFOPLIST_FILE = nailartmalinappTests/Info.plist;
				IPHONEOS_DEPLOYMENT_TARGET = 13.2;
				LD_RUNPATH_SEARCH_PATHS = (
					"$(inherited)",
					"@executable_path/Frameworks",
					"@loader_path/Frameworks",
				);
				PRODUCT_BUNDLE_IDENTIFIER = com.example.nailartmalinappTests;
				PRODUCT_NAME = "$(TARGET_NAME)";
				SWIFT_VERSION = 5.0;
				TARGETED_DEVICE_FAMILY = "1,2";
				TEST_HOST = "$(BUILT_PRODUCTS_DIR)/nailartmalinapp.app/nailartmalinapp";
			};
			name = Debug;
		};
		0ABC078023D1E01600848989 /* Release */ = {
			isa = XCBuildConfiguration;
			buildSettings = {
				ALWAYS_EMBED_SWIFT_STANDARD_LIBRARIES = YES;
				BUNDLE_LOADER = "$(TEST_HOST)";
				CODE_SIGN_STYLE = Automatic;
				INFOPLIST_FILE = nailartmalinappTests/Info.plist;
				IPHONEOS_DEPLOYMENT_TARGET = 13.2;
				LD_RUNPATH_SEARCH_PATHS = (
					"$(inherited)",
					"@executable_path/Frameworks",
					"@loader_path/Frameworks",
				);
				PRODUCT_BUNDLE_IDENTIFIER = com.example.nailartmalinappTests;
				PRODUCT_NAME = "$(TARGET_NAME)";
				SWIFT_VERSION = 5.0;
				TARGETED_DEVICE_FAMILY = "1,2";
				TEST_HOST = "$(BUILT_PRODUCTS_DIR)/nailartmalinapp.app/nailartmalinapp";
			};
			name = Release;
		};
		0ABC078223D1E01600848989 /* Debug */ = {
			isa = XCBuildConfiguration;
			buildSettings = {
				ALWAYS_EMBED_SWIFT_STANDARD_LIBRARIES = YES;
				CODE_SIGN_STYLE = Automatic;
				INFOPLIST_FILE = nailartmalinappUITests/Info.plist;
				LD_RUNPATH_SEARCH_PATHS = (
					"$(inherited)",
					"@executable_path/Frameworks",
					"@loader_path/Frameworks",
				);
				PRODUCT_BUNDLE_IDENTIFIER = com.example.nailartmalinappUITests;
				PRODUCT_NAME = "$(TARGET_NAME)";
				SWIFT_VERSION = 5.0;
				TARGETED_DEVICE_FAMILY = "1,2";
				TEST_TARGET_NAME = nailartmalinapp;
			};
			name = Debug;
		};
		0ABC078323D1E01600848989 /* Release */ = {
			isa = XCBuildConfiguration;
			buildSettings = {
				ALWAYS_EMBED_SWIFT_STANDARD_LIBRARIES = YES;
				CODE_SIGN_STYLE = Automatic;
				INFOPLIST_FILE = nailartmalinappUITests/Info.plist;
				LD_RUNPATH_SEARCH_PATHS = (
					"$(inherited)",
					"@executable_path/Frameworks",
					"@loader_path/Frameworks",
				);
				PRODUCT_BUNDLE_IDENTIFIER = com.example.nailartmalinappUITests;
				PRODUCT_NAME = "$(TARGET_NAME)";
				SWIFT_VERSION = 5.0;
				TARGETED_DEVICE_FAMILY = "1,2";
				TEST_TARGET_NAME = nailartmalinapp;
			};
			name = Release;
		};
/* End XCBuildConfiguration section */

/* Begin XCConfigurationList section */
		0ABC074C23D1E01100848989 /* Build configuration list for PBXProject "nailartmalinapp" */ = {
			isa = XCConfigurationList;
			buildConfigurations = (
				0ABC077923D1E01600848989 /* Debug */,
				0ABC077A23D1E01600848989 /* Release */,
			);
			defaultConfigurationIsVisible = 0;
			defaultConfigurationName = Release;
		};
		0ABC077B23D1E01600848989 /* Build configuration list for PBXNativeTarget "nailartmalinapp" */ = {
			isa = XCConfigurationList;
			buildConfigurations = (
				0ABC077C23D1E01600848989 /* Debug */,
				0ABC077D23D1E01600848989 /* Release */,
			);
			defaultConfigurationIsVisible = 0;
			defaultConfigurationName = Release;
		};
		0ABC077E23D1E01600848989 /* Build configuration list for PBXNativeTarget "nailartmalinappTests" */ = {
			isa = XCConfigurationList;
			buildConfigurations = (
				0ABC077F23D1E01600848989 /* Debug */,
				0ABC078023D1E01600848989 /* Release */,
			);
			defaultConfigurationIsVisible = 0;
			defaultConfigurationName = Release;
		};
		0ABC078123D1E01600848989 /* Build configuration list for PBXNativeTarget "nailartmalinappUITests" */ = {
			isa = XCConfigurationList;
			buildConfigurations = (
				0ABC078223D1E01600848989 /* Debug */,
				0ABC078323D1E01600848989 /* Release */,
			);
			defaultConfigurationIsVisible = 0;
			defaultConfigurationName = Release;
		};
/* End XCConfigurationList section */
	};
	rootObject = 0ABC074923D1E01100848989 /* Project object */;
}
